
Microsoft Visual Studio Solution File, Format Version 12.00
# Visual Studio Version 16
VisualStudioVersion = 16.0.29123.88
MinimumVisualStudioVersion = 10.0.40219.1
Project("{FAE04EC0-301F-11D3-BF4B-00C04F79EFBC}") = "8PuzzleProblem", "8PuzzleProblem.csproj", "{1D20F125-2841-43EE-BCC7-5A1E37AA97F9}"
EndProject
Global
	GlobalSection(SolutionConfigurationPlatforms) = preSolution
		Debug|Any CPU = Debug|Any CPU
		Release|Any CPU = Release|Any CPU
	EndGlobalSection
	GlobalSection(ProjectConfigurationPlatforms) = postSolution
		{1D20F125-2841-43EE-BCC7-5A1E37AA97F9}.Debug|Any CPU.ActiveCfg = Debug|Any CPU
		{1D20F125-2841-43EE-BCC7-5A1E37AA97F9}.Debug|Any CPU.Build.0 = Debug|Any CPU
		{1D20F125-2841-43EE-BCC7-5A1E37AA97F9}.Release|Any CPU.ActiveCfg = Release|Any CPU
		{1D20F125-2841-43EE-BCC7-5A1E37AA97F9}.Release|Any CPU.Build.0 = Release|Any CPU
	EndGlobalSection
	GlobalSection(SolutionProperties) = preSolution
		HideSolutionNode = FALSE
	EndGlobalSection
	GlobalSection(ExtensibilityGlobals) = postSolution
		SolutionGuid = {341F4BA8-26E3-433C-9F6C-4A1E1D8D8099}
	EndGlobalSection
EndGlobal
